
Microsoft Visual Studio Solution File, Format Version 12.00
# Visual Studio 15
VisualStudioVersion = 15.0.27130.2020
MinimumVisualStudioVersion = 10.0.40219.1
Project("{FAE04EC0-301F-11D3-BF4B-00C04F79EFBC}") = "Graphics", "OpenGL\Graphics.csproj", "{BF97363C-52E9-4355-8C48-043750CC7266}"
EndProject
Global
	GlobalSection(SolutionConfigurationPlatforms) = preSolution
		Debug|Any CPU = Debug|Any CPU
		Release|Any CPU = Release|Any CPU
	EndGlobalSection
	GlobalSection(ProjectConfigurationPlatforms) = postSolution
		{BF97363C-52E9-4355-8C48-043750CC7266}.Debug|Any CPU.ActiveCfg = Debug|Any CPU
		{BF97363C-52E9-4355-8C48-043750CC7266}.Debug|Any CPU.Build.0 = Debug|Any CPU
		{BF97363C-52E9-4355-8C48-043750CC7266}.Release|Any CPU.ActiveCfg = Release|Any CPU
		{BF97363C-52E9-4355-8C48-043750CC7266}.Release|Any CPU.Build.0 = Release|Any CPU
	EndGlobalSection
	GlobalSection(SolutionProperties) = preSolution
		HideSolutionNode = FALSE
	EndGlobalSection
	GlobalSection(ExtensibilityGlobals) = postSolution
		SolutionGuid = {28091666-DE94-41C8-8D13-DD247C0AB59C}
	EndGlobalSection
EndGlobal
